
Microsoft Visual Studio Solution File, Format Version 12.00
# Visual Studio Version 17
VisualStudioVersion = 17.0.31903.59
MinimumVisualStudioVersion = 10.0.40219.1
Project("{FAE04EC0-301F-11D3-BF4B-00C04F79EFBC}") = "MiddlewareRoutes", "MiddlewareRoutes\MiddlewareRoutes.csproj", "{B9A94C15-CB57-43E6-9323-16810418B571}"
EndProject
Project("{FAE04EC0-301F-11D3-BF4B-00C04F79EFBC}") = "SimpleStreamPiplines", "SimpleStreamPiplines\SimpleStreamPiplines.csproj", "{03724D54-853E-4C32-A4C4-991270CAE299}"
EndProject
Global
	GlobalSection(SolutionConfigurationPlatforms) = preSolution
		Debug|Any CPU = Debug|Any CPU
		Release|Any CPU = Release|Any CPU
	EndGlobalSection
	GlobalSection(SolutionProperties) = preSolution
		HideSolutionNode = FALSE
	EndGlobalSection
	GlobalSection(ProjectConfigurationPlatforms) = postSolution
		{B9A94C15-CB57-43E6-9323-16810418B571}.Debug|Any CPU.ActiveCfg = Debug|Any CPU
		{B9A94C15-CB57-43E6-9323-16810418B571}.Debug|Any CPU.Build.0 = Debug|Any CPU
		{B9A94C15-CB57-43E6-9323-16810418B571}.Release|Any CPU.ActiveCfg = Release|Any CPU
		{B9A94C15-CB57-43E6-9323-16810418B571}.Release|Any CPU.Build.0 = Release|Any CPU
		{03724D54-853E-4C32-A4C4-991270CAE299}.Debug|Any CPU.ActiveCfg = Debug|Any CPU
		{03724D54-853E-4C32-A4C4-991270CAE299}.Debug|Any CPU.Build.0 = Debug|Any CPU
		{03724D54-853E-4C32-A4C4-991270CAE299}.Release|Any CPU.ActiveCfg = Release|Any CPU
		{03724D54-853E-4C32-A4C4-991270CAE299}.Release|Any CPU.Build.0 = Release|Any CPU
	EndGlobalSection
EndGlobal
